// !$*UTF8*$!
{
	archiveVersion = 1;
	classes = {
	};
	objectVersion = 51;
	objects = {

/* Begin PBXBuildFile section */
		1725F29225D554AB002F9453 /* ListViewController.swift in Sources */ = {isa = PBXBuildFile; fileRef = 1725F29125D554AB002F9453 /* ListViewController.swift */; };
		17DD7AFF25B90E8C00309494 /* AppDelegate.swift in Sources */ = {isa = PBXBuildFile; fileRef = 17DD7AFE25B90E8C00309494 /* AppDelegate.swift */; };
		17DD7B0125B90E8C00309494 /* SceneDelegate.swift in Sources */ = {isa = PBXBuildFile; fileRef = 17DD7B0025B90E8C00309494 /* SceneDelegate.swift */; };
		17DD7B0325B90E8C00309494 /* ViewController.swift in Sources */ = {isa = PBXBuildFile; fileRef = 17DD7B0225B90E8C00309494 /* ViewController.swift */; };
		17DD7B0625B90E8C00309494 /* Main.storyboard in Resources */ = {isa = PBXBuildFile; fileRef = 17DD7B0425B90E8C00309494 /* Main.storyboard */; };
		17DD7B0825B90E8F00309494 /* Assets.xcassets in Resources */ = {isa = PBXBuildFile; fileRef = 17DD7B0725B90E8F00309494 /* Assets.xcassets */; };
		17DD7B0B25B90E8F00309494 /* LaunchScreen.storyboard in Resources */ = {isa = PBXBuildFile; fileRef = 17DD7B0925B90E8F00309494 /* LaunchScreen.storyboard */; };
		17DD7B4F25B9138900309494 /* ProfileViewController.swift in Sources */ = {isa = PBXBuildFile; fileRef = 17DD7B4E25B9138900309494 /* ProfileViewController.swift */; };
		17DD7B5225B919E200309494 /* GoogleService-Info.plist in Resources */ = {isa = PBXBuildFile; fileRef = 17DD7B5125B919E200309494 /* GoogleService-Info.plist */; };
		17DD7B5625B91B1000309494 /* SendDB.swift in Sources */ = {isa = PBXBuildFile; fileRef = 17DD7B5525B91B1000309494 /* SendDB.swift */; };
		17DD7B5C25B9268600309494 /* SearchViewController.swift in Sources */ = {isa = PBXBuildFile; fileRef = 17DD7B5B25B9268600309494 /* SearchViewController.swift */; };
		17DD7B5F25B92FA400309494 /* DataSets.swift in Sources */ = {isa = PBXBuildFile; fileRef = 17DD7B5E25B92FA400309494 /* DataSets.swift */; };
		17DD7B6425B9334700309494 /* VideoCell.swift in Sources */ = {isa = PBXBuildFile; fileRef = 17DD7B6225B9334700309494 /* VideoCell.swift */; };
		17DD7B6525B9334700309494 /* VideoCell.xib in Resources */ = {isa = PBXBuildFile; fileRef = 17DD7B6325B9334700309494 /* VideoCell.xib */; };
		17DD7B9C25BABF0500309494 /* SearchAndLoadModel.swift in Sources */ = {isa = PBXBuildFile; fileRef = 17DD7B9B25BABF0500309494 /* SearchAndLoadModel.swift */; };
		EB3A9A3B44B1542EF35DAAC2 /* Pods_YoutubeApp1.framework in Frameworks */ = {isa = PBXBuildFile; fileRef = CAE50A57ADECEC923D0273F3 /* Pods_YoutubeApp1.framework */; };
/* End PBXBuildFile section */

/* Begin PBXFileReference section */
		1725F29125D554AB002F9453 /* ListViewController.swift */ = {isa = PBXFileReference; lastKnownFileType = sourcecode.swift; path = ListViewController.swift; sourceTree = "<group>"; };
		17DD7AFB25B90E8C00309494 /* YoutubeApp1.app */ = {isa = PBXFileReference; explicitFileType = wrapper.application; includeInIndex = 0; path = YoutubeApp1.app; sourceTree = BUILT_PRODUCTS_DIR; };
		17DD7AFE25B90E8C00309494 /* AppDelegate.swift */ = {isa = PBXFileReference; lastKnownFileType = sourcecode.swift; path = AppDelegate.swift; sourceTree = "<group>"; };
		17DD7B0025B90E8C00309494 /* SceneDelegate.swift */ = {isa = PBXFileReference; lastKnownFileType = sourcecode.swift; path = SceneDelegate.swift; sourceTree = "<group>"; };
		17DD7B0225B90E8C00309494 /* ViewController.swift */ = {isa = PBXFileReference; lastKnownFileType = sourcecode.swift; path = ViewController.swift; sourceTree = "<group>"; };
		17DD7B0525B90E8C00309494 /* Base */ = {isa = PBXFileReference; lastKnownFileType = file.storyboard; name = Base; path = Base.lproj/Main.storyboard; sourceTree = "<group>"; };
		17DD7B0725B90E8F00309494 /* Assets.xcassets */ = {isa = PBXFileReference; lastKnownFileType = folder.assetcatalog; path = Assets.xcassets; sourceTree = "<group>"; };
		17DD7B0A25B90E8F00309494 /* Base */ = {isa = PBXFileReference; lastKnownFileType = file.storyboard; name = Base; path = Base.lproj/LaunchScreen.storyboard; sourceTree = "<group>"; };
		17DD7B0C25B90E8F00309494 /* Info.plist */ = {isa = PBXFileReference; lastKnownFileType = text.plist.xml; path = Info.plist; sourceTree = "<group>"; };
		17DD7B4E25B9138900309494 /* ProfileViewController.swift */ = {isa = PBXFileReference; lastKnownFileType = sourcecode.swift; path = ProfileViewController.swift; sourceTree = "<group>"; };
		17DD7B5125B919E200309494 /* GoogleService-Info.plist */ = {isa = PBXFileReference; fileEncoding = 4; lastKnownFileType = text.plist.xml; path = "GoogleService-Info.plist"; sourceTree = "<group>"; };
		17DD7B5525B91B1000309494 /* SendDB.swift */ = {isa = PBXFileReference; lastKnownFileType = sourcecode.swift; path = SendDB.swift; sourceTree = "<group>"; };
		17DD7B5B25B9268600309494 /* SearchViewController.swift */ = {isa = PBXFileReference; lastKnownFileType = sourcecode.swift; path = SearchViewController.swift; sourceTree = "<group>"; };
		17DD7B5E25B92FA400309494 /* DataSets.swift */ = {isa = PBXFileReference; lastKnownFileType = sourcecode.swift; path = DataSets.swift; sourceTree = "<group>"; };
		17DD7B6225B9334700309494 /* VideoCell.swift */ = {isa = PBXFileReference; lastKnownFileType = sourcecode.swift; path = VideoCell.swift; sourceTree = "<group>"; };
		17DD7B6325B9334700309494 /* VideoCell.xib */ = {isa = PBXFileReference; lastKnownFileType = file.xib; path = VideoCell.xib; sourceTree = "<group>"; };
		17DD7B9B25BABF0500309494 /* SearchAndLoadModel.swift */ = {isa = PBXFileReference; lastKnownFileType = sourcecode.swift; path = SearchAndLoadModel.swift; sourceTree = "<group>"; };
		CA01A710FEB15E7B22A7FBA3 /* Pods-YoutubeApp1.release.xcconfig */ = {isa = PBXFileReference; includeInIndex = 1; lastKnownFileType = text.xcconfig; name = "Pods-YoutubeApp1.release.xcconfig"; path = "Target Support Files/Pods-YoutubeApp1/Pods-YoutubeApp1.release.xcconfig"; sourceTree = "<group>"; };
		CAE50A57ADECEC923D0273F3 /* Pods_YoutubeApp1.framework */ = {isa = PBXFileReference; explicitFileType = wrapper.framework; includeInIndex = 0; path = Pods_YoutubeApp1.framework; sourceTree = BUILT_PRODUCTS_DIR; };
		F277C32F832010250183D48B /* Pods-YoutubeApp1.debug.xcconfig */ = {isa = PBXFileReference; includeInIndex = 1; lastKnownFileType = text.xcconfig; name = "Pods-YoutubeApp1.debug.xcconfig"; path = "Target Support Files/Pods-YoutubeApp1/Pods-YoutubeApp1.debug.xcconfig"; sourceTree = "<group>"; };
/* End PBXFileReference section */

/* Begin PBXFrameworksBuildPhase section */
		17DD7AF825B90E8C00309494 /* Frameworks */ = {
			isa = PBXFrameworksBuildPhase;
			buildActionMask = 2147483647;
			files = (
				EB3A9A3B44B1542EF35DAAC2 /* Pods_YoutubeApp1.framework in Frameworks */,
			);
			runOnlyForDeploymentPostprocessing = 0;
		};
/* End PBXFrameworksBuildPhase section */

/* Begin PBXGroup section */
		17DD7AF225B90E8C00309494 = {
			isa = PBXGroup;
			children = (
				17DD7AFD25B90E8C00309494 /* YoutubeApp1 */,
				17DD7AFC25B90E8C00309494 /* Products */,
				6B4EA1004C3295BC0F687D66 /* Pods */,
				C8768147F728DC8A51A85557 /* Frameworks */,
			);
			sourceTree = "<group>";
		};
		17DD7AFC25B90E8C00309494 /* Products */ = {
			isa = PBXGroup;
			children = (
				17DD7AFB25B90E8C00309494 /* YoutubeApp1.app */,
			);
			name = Products;
			sourceTree = "<group>";
		};
		17DD7AFD25B90E8C00309494 /* YoutubeApp1 */ = {
			isa = PBXGroup;
			children = (
				17DD7AFE25B90E8C00309494 /* AppDelegate.swift */,
				17DD7B0025B90E8C00309494 /* SceneDelegate.swift */,
				17DD7B6125B9330000309494 /* View */,
				17DD7B5825B91B1500309494 /* Model */,
				17DD7B4C25B9134800309494 /* Controller */,
				17DD7B0425B90E8C00309494 /* Main.storyboard */,
				17DD7B0725B90E8F00309494 /* Assets.xcassets */,
				17DD7B0925B90E8F00309494 /* LaunchScreen.storyboard */,
				17DD7B0C25B90E8F00309494 /* Info.plist */,
				17DD7B5125B919E200309494 /* GoogleService-Info.plist */,
			);
			path = YoutubeApp1;
			sourceTree = "<group>";
		};
		17DD7B4C25B9134800309494 /* Controller */ = {
			isa = PBXGroup;
			children = (
				17DD7B0225B90E8C00309494 /* ViewController.swift */,
				17DD7B4E25B9138900309494 /* ProfileViewController.swift */,
				17DD7B5B25B9268600309494 /* SearchViewController.swift */,
				1725F29125D554AB002F9453 /* ListViewController.swift */,
			);
			path = Controller;
			sourceTree = "<group>";
		};
		17DD7B5825B91B1500309494 /* Model */ = {
			isa = PBXGroup;
			children = (
				17DD7B5525B91B1000309494 /* SendDB.swift */,
				17DD7B5E25B92FA400309494 /* DataSets.swift */,
				17DD7B9B25BABF0500309494 /* SearchAndLoadModel.swift */,
			);
			path = Model;
			sourceTree = "<group>";
		};
		17DD7B6125B9330000309494 /* View */ = {
			isa = PBXGroup;
			children = (
				17DD7B6225B9334700309494 /* VideoCell.swift */,
				17DD7B6325B9334700309494 /* VideoCell.xib */,
			);
			path = View;
			sourceTree = "<group>";
		};
		6B4EA1004C3295BC0F687D66 /* Pods */ = {
			isa = PBXGroup;
			children = (
				F277C32F832010250183D48B /* Pods-YoutubeApp1.debug.xcconfig */,
				CA01A710FEB15E7B22A7FBA3 /* Pods-YoutubeApp1.release.xcconfig */,
			);
			path = Pods;
			sourceTree = "<group>";
		};
		C8768147F728DC8A51A85557 /* Frameworks */ = {
			isa = PBXGroup;
			children = (
				CAE50A57ADECEC923D0273F3 /* Pods_YoutubeApp1.framework */,
			);
			name = Frameworks;
			sourceTree = "<group>";
		};
/* End PBXGroup section */

/* Begin PBXNativeTarget section */
		17DD7AFA25B90E8C00309494 /* YoutubeApp1 */ = {
			isa = PBXNativeTarget;
			buildConfigurationList = 17DD7B0F25B90E8F00309494 /* Build configuration list for PBXNativeTarget "YoutubeApp1" */;
			buildPhases = (
				AEB576518C298E2575EE6730 /* [CP] Check Pods Manifest.lock */,
				17DD7AF725B90E8C00309494 /* Sources */,
				17DD7AF825B90E8C00309494 /* Frameworks */,
				17DD7AF925B90E8C00309494 /* Resources */,
				F337767B19BC471F73103F80 /* [CP] Embed Pods Frameworks */,
			);
			buildRules = (
			);
			dependencies = (
			);
			name = YoutubeApp1;
			productName = YoutubeApp1;
			productReference = 17DD7AFB25B90E8C00309494 /* YoutubeApp1.app */;
			productType = "com.apple.product-type.application";
		};
/* End PBXNativeTarget section */

/* Begin PBXProject section */
		17DD7AF325B90E8C00309494 /* Project object */ = {
			isa = PBXProject;
			attributes = {
				LastSwiftUpdateCheck = 1220;
				LastUpgradeCheck = 1220;
				TargetAttributes = {
					17DD7AFA25B90E8C00309494 = {
						CreatedOnToolsVersion = 12.2;
					};
				};
			};
			buildConfigurationList = 17DD7AF625B90E8C00309494 /* Build configuration list for PBXProject "YoutubeApp1" */;
			compatibilityVersion = "Xcode 9.3";
			developmentRegion = en;
			hasScannedForEncodings = 0;
			knownRegions = (
				en,
				Base,
			);
			mainGroup = 17DD7AF225B90E8C00309494;
			productRefGroup = 17DD7AFC25B90E8C00309494 /* Products */;
			projectDirPath = "";
			projectRoot = "";
			targets = (
				17DD7AFA25B90E8C00309494 /* YoutubeApp1 */,
			);
		};
/* End PBXProject section */

/* Begin PBXResourcesBuildPhase section */
		17DD7AF925B90E8C00309494 /* Resources */ = {
			isa = PBXResourcesBuildPhase;
			buildActionMask = 2147483647;
			files = (
				17DD7B6525B9334700309494 /* VideoCell.xib in Resources */,
				17DD7B0B25B90E8F00309494 /* LaunchScreen.storyboard in Resources */,
				17DD7B0825B90E8F00309494 /* Assets.xcassets in Resources */,
				17DD7B0625B90E8C00309494 /* Main.storyboard in Resources */,
				17DD7B5225B919E200309494 /* GoogleService-Info.plist in Resources */,
			);
			runOnlyForDeploymentPostprocessing = 0;
		};
/* End PBXResourcesBuildPhase section */

/* Begin PBXShellScriptBuildPhase section */
		AEB576518C298E2575EE6730 /* [CP] Check Pods Manifest.lock */ = {
			isa = PBXShellScriptBuildPhase;
			buildActionMask = 2147483647;
			files = (
			);
			inputFileListPaths = (
			);
			inputPaths = (
				"${PODS_PODFILE_DIR_PATH}/Podfile.lock",
				"${PODS_ROOT}/Manifest.lock",
			);
			name = "[CP] Check Pods Manifest.lock";
			outputFileListPaths = (
			);
			outputPaths = (
				"$(DERIVED_FILE_DIR)/Pods-YoutubeApp1-checkManifestLockResult.txt",
			);
			runOnlyForDeploymentPostprocessing = 0;
			shellPath = /bin/sh;
			shellScript = "diff \"${PODS_PODFILE_DIR_PATH}/Podfile.lock\" \"${PODS_ROOT}/Manifest.lock\" > /dev/null\nif [ $? != 0 ] ; then\n    # print error to STDERR\n    echo \"error: The sandbox is not in sync with the Podfile.lock. Run 'pod install' or update your CocoaPods installation.\" >&2\n    exit 1\nfi\n# This output is used by Xcode 'outputs' to avoid re-running this script phase.\necho \"SUCCESS\" > \"${SCRIPT_OUTPUT_FILE_0}\"\n";
			showEnvVarsInLog = 0;
		};
		F337767B19BC471F73103F80 /* [CP] Embed Pods Frameworks */ = {
			isa = PBXShellScriptBuildPhase;
			buildActionMask = 2147483647;
			files = (
			);
			inputFileListPaths = (
				"${PODS_ROOT}/Target Support Files/Pods-YoutubeApp1/Pods-YoutubeApp1-frameworks-${CONFIGURATION}-input-files.xcfilelist",
			);
			name = "[CP] Embed Pods Frameworks";
			outputFileListPaths = (
				"${PODS_ROOT}/Target Support Files/Pods-YoutubeApp1/Pods-YoutubeApp1-frameworks-${CONFIGURATION}-output-files.xcfilelist",
			);
			runOnlyForDeploymentPostprocessing = 0;
			shellPath = /bin/sh;
			shellScript = "\"${PODS_ROOT}/Target Support Files/Pods-YoutubeApp1/Pods-YoutubeApp1-frameworks.sh\"\n";
			showEnvVarsInLog = 0;
		};
/* End PBXShellScriptBuildPhase section */

/* Begin PBXSourcesBuildPhase section */
		17DD7AF725B90E8C00309494 /* Sources */ = {
			isa = PBXSourcesBuildPhase;
			buildActionMask = 2147483647;
			files = (
				17DD7B5F25B92FA400309494 /* DataSets.swift in Sources */,
				17DD7B6425B9334700309494 /* VideoCell.swift in Sources */,
				17DD7B5C25B9268600309494 /* SearchViewController.swift in Sources */,
				17DD7B0325B90E8C00309494 /* ViewController.swift in Sources */,
				17DD7B9C25BABF0500309494 /* SearchAndLoadModel.swift in Sources */,
				17DD7AFF25B90E8C00309494 /* AppDelegate.swift in Sources */,
				17DD7B5625B91B1000309494 /* SendDB.swift in Sources */,
				17DD7B4F25B9138900309494 /* ProfileViewController.swift in Sources */,
				1725F29225D554AB002F9453 /* ListViewController.swift in Sources */,
				17DD7B0125B90E8C00309494 /* SceneDelegate.swift in Sources */,
			);
			runOnlyForDeploymentPostprocessing = 0;
		};
/* End PBXSourcesBuildPhase section */

/* Begin PBXVariantGroup section */
		17DD7B0425B90E8C00309494 /* Main.storyboard */ = {
			isa = PBXVariantGroup;
			children = (
				17DD7B0525B90E8C00309494 /* Base */,
			);
			name = Main.storyboard;
			sourceTree = "<group>";
		};
		17DD7B0925B90E8F00309494 /* LaunchScreen.storyboard */ = {
			isa = PBXVariantGroup;
			children = (
				17DD7B0A25B90E8F00309494 /* Base */,
			);
			name = LaunchScreen.storyboard;
			sourceTree = "<group>";
		};
/* End PBXVariantGroup section */

/* Begin XCBuildConfiguration section */
		17DD7B0D25B90E8F00309494 /* Debug */ = {
			isa = XCBuildConfiguration;
			buildSettings = {
				ALWAYS_SEARCH_USER_PATHS = NO;
				CLANG_ANALYZER_NONNULL = YES;
				CLANG_ANALYZER_NUMBER_OBJECT_CONVERSION = YES_AGGRESSIVE;
				CLANG_CXX_LANGUAGE_STANDARD = "gnu++14";
				CLANG_CXX_LIBRARY = "libc++";
				CLANG_ENABLE_MODULES = YES;
				CLANG_ENABLE_OBJC_ARC = YES;
				CLANG_ENABLE_OBJC_WEAK = YES;
				CLANG_WARN_BLOCK_CAPTURE_AUTORELEASING = YES;
				CLANG_WARN_BOOL_CONVERSION = YES;
				CLANG_WARN_COMMA = YES;
				CLANG_WARN_CONSTANT_CONVERSION = YES;
				CLANG_WARN_DEPRECATED_OBJC_IMPLEMENTATIONS = YES;
				CLANG_WARN_DIRECT_OBJC_ISA_USAGE = YES_ERROR;
				CLANG_WARN_DOCUMENTATION_COMMENTS = YES;
				CLANG_WARN_EMPTY_BODY = YES;
				CLANG_WARN_ENUM_CONVERSION = YES;
				CLANG_WARN_INFINITE_RECURSION = YES;
				CLANG_WARN_INT_CONVERSION = YES;
				CLANG_WARN_NON_LITERAL_NULL_CONVERSION = YES;
				CLANG_WARN_OBJC_IMPLICIT_RETAIN_SELF = YES;
				CLANG_WARN_OBJC_LITERAL_CONVERSION = YES;
				CLANG_WARN_OBJC_ROOT_CLASS = YES_ERROR;
				CLANG_WARN_QUOTED_INCLUDE_IN_FRAMEWORK_HEADER = YES;
				CLANG_WARN_RANGE_LOOP_ANALYSIS = YES;
				CLANG_WARN_STRICT_PROTOTYPES = YES;
				CLANG_WARN_SUSPICIOUS_MOVE = YES;
				CLANG_WARN_UNGUARDED_AVAILABILITY = YES_AGGRESSIVE;
				CLANG_WARN_UNREACHABLE_CODE = YES;
				CLANG_WARN__DUPLICATE_METHOD_MATCH = YES;
				COPY_PHASE_STRIP = NO;
				DEBUG_INFORMATION_FORMAT = dwarf;
				ENABLE_STRICT_OBJC_MSGSEND = YES;
				ENABLE_TESTABILITY = YES;
				GCC_C_LANGUAGE_STANDARD = gnu11;
				GCC_DYNAMIC_NO_PIC = NO;
				GCC_NO_COMMON_BLOCKS = YES;
				GCC_OPTIMIZATION_LEVEL = 0;
				GCC_PREPROCESSOR_DEFINITIONS = (
					"DEBUG=1",
					"$(inherited)",
				);
				GCC_WARN_64_TO_32_BIT_CONVERSION = YES;
				GCC_WARN_ABOUT_RETURN_TYPE = YES_ERROR;
				GCC_WARN_UNDECLARED_SELECTOR = YES;
				GCC_WARN_UNINITIALIZED_AUTOS = YES_AGGRESSIVE;
				GCC_WARN_UNUSED_FUNCTION = YES;
				GCC_WARN_UNUSED_VARIABLE = YES;
				IPHONEOS_DEPLOYMENT_TARGET = 14.2;
				MTL_ENABLE_DEBUG_INFO = INCLUDE_SOURCE;
				MTL_FAST_MATH = YES;
				ONLY_ACTIVE_ARCH = YES;
				SDKROOT = iphoneos;
				SWIFT_ACTIVE_COMPILATION_CONDITIONS = DEBUG;
				SWIFT_OPTIMIZATION_LEVEL = "-Onone";
			};
			name = Debug;
		};
		17DD7B0E25B90E8F00309494 /* Release */ = {
			isa = XCBuildConfiguration;
			buildSettings = {
				ALWAYS_SEARCH_USER_PATHS = NO;
				CLANG_ANALYZER_NONNULL = YES;
				CLANG_ANALYZER_NUMBER_OBJECT_CONVERSION = YES_AGGRESSIVE;
				CLANG_CXX_LANGUAGE_STANDARD = "gnu++14";
				CLANG_CXX_LIBRARY = "libc++";
				CLANG_ENABLE_MODULES = YES;
				CLANG_ENABLE_OBJC_ARC = YES;
				CLANG_ENABLE_OBJC_WEAK = YES;
				CLANG_WARN_BLOCK_CAPTURE_AUTORELEASING = YES;
				CLANG_WARN_BOOL_CONVERSION = YES;
				CLANG_WARN_COMMA = YES;
				CLANG_WARN_CONSTANT_CONVERSION = YES;
				CLANG_WARN_DEPRECATED_OBJC_IMPLEMENTATIONS = YES;
				CLANG_WARN_DIRECT_OBJC_ISA_USAGE = YES_ERROR;
				CLANG_WARN_DOCUMENTATION_COMMENTS = YES;
				CLANG_WARN_EMPTY_BODY = YES;
				CLANG_WARN_ENUM_CONVERSION = YES;
				CLANG_WARN_INFINITE_RECURSION = YES;
				CLANG_WARN_INT_CONVERSION = YES;
				CLANG_WARN_NON_LITERAL_NULL_CONVERSION = YES;
				CLANG_WARN_OBJC_IMPLICIT_RETAIN_SELF = YES;
				CLANG_WARN_OBJC_LITERAL_CONVERSION = YES;
				CLANG_WARN_OBJC_ROOT_CLASS = YES_ERROR;
				CLANG_WARN_QUOTED_INCLUDE_IN_FRAMEWORK_HEADER = YES;
				CLANG_WARN_RANGE_LOOP_ANALYSIS = YES;
				CLANG_WARN_STRICT_PROTOTYPES = YES;
				CLANG_WARN_SUSPICIOUS_MOVE = YES;
				CLANG_WARN_UNGUARDED_AVAILABILITY = YES_AGGRESSIVE;
				CLANG_WARN_UNREACHABLE_CODE = YES;
				CLANG_WARN__DUPLICATE_METHOD_MATCH = YES;
				COPY_PHASE_STRIP = NO;
				DEBUG_INFORMATION_FORMAT = "dwarf-with-dsym";
				ENABLE_NS_ASSERTIONS = NO;
				ENABLE_STRICT_OBJC_MSGSEND = YES;
				GCC_C_LANGUAGE_STANDARD = gnu11;
				GCC_NO_COMMON_BLOCKS = YES;
				GCC_WARN_64_TO_32_BIT_CONVERSION = YES;
				GCC_WARN_ABOUT_RETURN_TYPE = YES_ERROR;
				GCC_WARN_UNDECLARED_SELECTOR = YES;
				GCC_WARN_UNINITIALIZED_AUTOS = YES_AGGRESSIVE;
				GCC_WARN_UNUSED_FUNCTION = YES;
				GCC_WARN_UNUSED_VARIABLE = YES;
				IPHONEOS_DEPLOYMENT_TARGET = 14.2;
				MTL_ENABLE_DEBUG_INFO = NO;
				MTL_FAST_MATH = YES;
				SDKROOT = iphoneos;
				SWIFT_COMPILATION_MODE = wholemodule;
				SWIFT_OPTIMIZATION_LEVEL = "-O";
				VALIDATE_PRODUCT = YES;
			};
			name = Release;
		};
		17DD7B1025B90E8F00309494 /* Debug */ = {
			isa = XCBuildConfiguration;
			baseConfigurationReference = F277C32F832010250183D48B /* Pods-YoutubeApp1.debug.xcconfig */;
			buildSettings = {
				ASSETCATALOG_COMPILER_APPICON_NAME = AppIcon;
				ASSETCATALOG_COMPILER_GLOBAL_ACCENT_COLOR_NAME = AccentColor;
				CODE_SIGN_STYLE = Automatic;
				DEVELOPMENT_TEAM = LTQL8L257Q;
				INFOPLIST_FILE = YoutubeApp1/Info.plist;
				LD_RUNPATH_SEARCH_PATHS = (
					"$(inherited)",
					"@executable_path/Frameworks",
				);
				PRODUCT_BUNDLE_IDENTIFIER = "com.Satoshi-Ota.YoutubeApp1";
				PRODUCT_NAME = "$(TARGET_NAME)";
				SWIFT_VERSION = 5.0;
				TARGETED_DEVICE_FAMILY = 1;
			};
			name = Debug;
		};
		17DD7B1125B90E8F00309494 /* Release */ = {
			isa = XCBuildConfiguration;
			baseConfigurationReference = CA01A710FEB15E7B22A7FBA3 /* Pods-YoutubeApp1.release.xcconfig */;
			buildSettings = {
				ASSETCATALOG_COMPILER_APPICON_NAME = AppIcon;
				ASSETCATALOG_COMPILER_GLOBAL_ACCENT_COLOR_NAME = AccentColor;
				CODE_SIGN_STYLE = Automatic;
				DEVELOPMENT_TEAM = LTQL8L257Q;
				INFOPLIST_FILE = YoutubeApp1/Info.plist;
				LD_RUNPATH_SEARCH_PATHS = (
					"$(inherited)",
					"@executable_path/Frameworks",
				);
				PRODUCT_BUNDLE_IDENTIFIER = "com.Satoshi-Ota.YoutubeApp1";
				PRODUCT_NAME = "$(TARGET_NAME)";
				SWIFT_VERSION = 5.0;
				TARGETED_DEVICE_FAMILY = 1;
			};
			name = Release;
		};
/* End XCBuildConfiguration section */

/* Begin XCConfigurationList section */
		17DD7AF625B90E8C00309494 /* Build configuration list for PBXProject "YoutubeApp1" */ = {
			isa = XCConfigurationList;
			buildConfigurations = (
				17DD7B0D25B90E8F00309494 /* Debug */,
				17DD7B0E25B90E8F00309494 /* Release */,
			);
			defaultConfigurationIsVisible = 0;
			defaultConfigurationName = Release;
		};
		17DD7B0F25B90E8F00309494 /* Build configuration list for PBXNativeTarget "YoutubeApp1" */ = {
			isa = XCConfigurationList;
			buildConfigurations = (
				17DD7B1025B90E8F00309494 /* Debug */,
				17DD7B1125B90E8F00309494 /* Release */,
			);
			defaultConfigurationIsVisible = 0;
			defaultConfigurationName = Release;
		};
/* End XCConfigurationList section */
	};
	rootObject = 17DD7AF325B90E8C00309494 /* Project object */;
}
